
Microsoft Visual Studio Solution File, Format Version 12.00
# Visual Studio 15
VisualStudioVersion = 15.0.28307.489
MinimumVisualStudioVersion = 10.0.40219.1
Project("{FAE04EC0-301F-11D3-BF4B-00C04F79EFBC}") = "PegasusMetal-Pro", "PegasusMetal-Pro\PegasusMetal-Pro.csproj", "{AA5A6C33-25C4-4549-88E7-57A7780030A6}"
EndProject
Global
	GlobalSection(SolutionConfigurationPlatforms) = preSolution
		Debug|Any CPU = Debug|Any CPU
		Release|Any CPU = Release|Any CPU
	EndGlobalSection
	GlobalSection(ProjectConfigurationPlatforms) = postSolution
		{AA5A6C33-25C4-4549-88E7-57A7780030A6}.Debug|Any CPU.ActiveCfg = Debug|Any CPU
		{AA5A6C33-25C4-4549-88E7-57A7780030A6}.Debug|Any CPU.Build.0 = Debug|Any CPU
		{AA5A6C33-25C4-4549-88E7-57A7780030A6}.Release|Any CPU.ActiveCfg = Release|Any CPU
		{AA5A6C33-25C4-4549-88E7-57A7780030A6}.Release|Any CPU.Build.0 = Release|Any CPU
	EndGlobalSection
	GlobalSection(SolutionProperties) = preSolution
		HideSolutionNode = FALSE
	EndGlobalSection
	GlobalSection(ExtensibilityGlobals) = postSolution
		SolutionGuid = {A0B05396-E982-4929-80A5-D37942D454BA}
	EndGlobalSection
EndGlobal
